<Solution>
  <Folder Name="/Exceptions/">
    <Project Path="Exception/Exception.csproj" />
    <Project Path="ExceptionApi/ExceptionApi.csproj" Id="375a219f-3b76-4f6d-ae58-2e684aba66f6" />
    <Project Path="ExceptionPerformance/ExceptionPerformance.csproj" Id="d7941efb-49d0-47dc-919e-88e10144ffb1" />
    <Project Path="ProductRepository-Exception/ProductRepository-Exception.csproj" Id="df5e3413-de12-431b-9fa3-d3b0483e40cd" />
  </Folder>
  <Folder Name="/Logging/">
    <Project Path="ApiWithLogs/ApiWithLogs.csproj" Id="1ab1442e-26c5-4c64-a164-a43446f5812a" />
    <Project Path="Intro/Intro.csproj" Id="bd990966-7b83-4ec4-abc5-a58faac6bebc" />
  </Folder>
  <Folder Name="/NotificationPattern/">
    <Project Path="NotificationPattern/NotificationPattern.csproj" Id="a20397d6-9a3f-4c84-9117-8745f912332c" />
    <Project Path="NotificationPatternFile/NotificationPatternFile.csproj" Id="fb05703b-ba67-448b-ab4b-7b2b5b41cfee" />
    <Project Path="NotificationPatternWithExceptions/NotificationPatternWithExceptions.csproj" Id="89c52ee1-cf6c-4eaf-91d6-5783a2943e80" />
  </Folder>
  <Folder Name="/ResultPattern/">
    <Project Path="RegisterResultPattern/RegisterResultPattern.csproj" Id="8b2938e5-5089-4207-8ca4-fa0c1a2b0135" />
    <Project Path="ResultPattern/ResultPattern.csproj" Id="051408d5-d120-420b-b933-a1e1e5eb0a2d" />
    <Project Path="ResultPatternCollection/ResultPatternCollection.csproj" Id="0e466289-3b29-4e46-8013-78614835bcc1" />
    <Project Path="ResultPatternCombine/ResultPatternCombine.csproj" Id="5e98d6e7-57b0-4021-b123-e7473be89416" />
  </Folder>
  <Folder Name="/Retry/">
    <Project Path="AsyncRetry/AsyncRetry.csproj" Id="40515730-0a1f-4bd2-ae4c-418f9187bde7" />
    <Project Path="BasicRetry/BasicRetry.csproj" Id="bd01459a-b898-4906-93fb-6fa4e50c60f1" />
    <Project Path="PollyRetry/PollyRetry.csproj" Id="3af8288a-dec1-4d67-b6e1-a71a96a3b4ee" />
    <Project Path="PollyRetryForever/PollyRetryForever.csproj" Id="7fe1331b-7069-4b51-9ecb-3c2b1a06444c" />
  </Folder>
  <Folder Name="/Sanitization/">
    <Project Path="SanitizationAPI/SanitizationAPI.csproj" Id="1e6d373c-0664-4f72-9186-763de27fde07" />
  </Folder>
  <Folder Name="/Validations/">
    <Project Path="DataAnnotationsApi/DataAnnotationsApi.csproj" Id="a6800ece-84bf-4a7b-a391-0b30f1d2446c" />
    <Project Path="FluentValidationApi/FluentValidationApi.csproj" Id="08a6c1f4-39f0-4a76-a7f8-e5494416e029" />
    <Project Path="ManualValidations/ManualValidations.csproj" Id="5553b250-b50b-4f47-b13b-ab1e55341df1" />
    <Project Path="NullReference/NullReference.csproj" Id="c9f30d9b-d6c0-46e8-a670-780160bfe92f" />
    <Project Path="RegexValidations/RegexValidations.csproj" Id="a740d513-7948-4430-b4e6-32206a328dfe" />
  </Folder>
</Solution>
